[{<<"clj">>,
  {git,"git://github.com/lfex/clj.git",
       {ref,"b935818364ff9b2715345a050c97db81289ae628"}},
  0},
 {<<"elli">>,{pkg,<<"elli">>,<<"1.0.5">>},0},
 {<<"elli_cookie">>,
  {git,"git://github.com/yurrriq/elli_cookie.git",
       {ref,"fb32995be08d22ca2dd8814097a70eb8223b2527"}},
  0},
 {<<"json">>,
  {git,"git://github.com/talentdeficit/json.git",
       {ref,"94d6abd350003566c53c232a0526a0f7e2c7dfb5"}},
  0},
 {<<"jsonfilter">>,
  {git,"git://github.com/talentdeficit/jsonfilter.git",
       {ref,"3e4a09467b9a22ce2c1c9f4af270d71e4ec342a7"}},
  1},
 {<<"jsonpointer">>,
  {git,"git://github.com/talentdeficit/jsonpointer.git",
       {ref,"b6942f06bdaab9f6d25f3906fe245085e70db663"}},
  1},
 {<<"jsx">>,
  {git,"git://github.com/talentdeficit/jsx.git",
       {ref,"3074d4865b3385a050badf7828ad31490d860df5"}},
  1},
 {<<"kla">>,
  {git,"git://github.com/lfex/kla.git",
       {ref,"a8afc4f673809d89b6c4a374b972f54ef6b39bde"}},
  1},
 {<<"lfe">>,
  {git,"git://github.com/rvirding/lfe.git",
       {ref,"d9a4e4d26a40ddae5aea09244fcd7260cac3f4ac"}},
  0}].
